// !$*UTF8*$!
{
	archiveVersion = 1;
	classes = {
	};
	objectVersion = 46;
	objects = {

/* Begin PBXBuildFile section */
		D28861EC16CF730200307652 /* UIKit.framework in Frameworks */ = {isa = PBXBuildFile; fileRef = D28861EB16CF730200307652 /* UIKit.framework */; };
		D28861EE16CF730200307652 /* Foundation.framework in Frameworks */ = {isa = PBXBuildFile; fileRef = D28861ED16CF730200307652 /* Foundation.framework */; };
		D28861F016CF730200307652 /* CoreGraphics.framework in Frameworks */ = {isa = PBXBuildFile; fileRef = D28861EF16CF730200307652 /* CoreGraphics.framework */; };
		D28861F616CF730200307652 /* InfoPlist.strings in Resources */ = {isa = PBXBuildFile; fileRef = D28861F416CF730200307652 /* InfoPlist.strings */; };
		D28861F816CF730200307652 /* main.m in Sources */ = {isa = PBXBuildFile; fileRef = D28861F716CF730200307652 /* main.m */; };
		D28861FC16CF730200307652 /* AppDelegate.m in Sources */ = {isa = PBXBuildFile; fileRef = D28861FB16CF730200307652 /* AppDelegate.m */; };
		D28861FE16CF730200307652 /* Default.png in Resources */ = {isa = PBXBuildFile; fileRef = D28861FD16CF730200307652 /* Default.png */; };
		D288620016CF730200307652 /* Default@2x.png in Resources */ = {isa = PBXBuildFile; fileRef = D28861FF16CF730200307652 /* Default@2x.png */; };
		D288620216CF730200307652 /* Default-568h@2x.png in Resources */ = {isa = PBXBuildFile; fileRef = D288620116CF730200307652 /* Default-568h@2x.png */; };
		D288620516CF730200307652 /* ViewController.m in Sources */ = {isa = PBXBuildFile; fileRef = D288620416CF730200307652 /* ViewController.m */; };
		D288620816CF730200307652 /* ViewController.xib in Resources */ = {isa = PBXBuildFile; fileRef = D288620616CF730200307652 /* ViewController.xib */; };
		D288621116CF735600307652 /* VanTableController.m in Sources */ = {isa = PBXBuildFile; fileRef = D288621016CF735600307652 /* VanTableController.m */; };
		D288621416CF772E00307652 /* VanArrayComparer.m in Sources */ = {isa = PBXBuildFile; fileRef = D288621316CF772E00307652 /* VanArrayComparer.m */; };
		D288622016CF7A1400307652 /* VanTableViewControllerUnitTest.m in Sources */ = {isa = PBXBuildFile; fileRef = D288621F16CF7A1400307652 /* VanTableViewControllerUnitTest.m */; };
		D288622316CF7DAA00307652 /* DummyClass.m in Sources */ = {isa = PBXBuildFile; fileRef = D288622216CF7DAA00307652 /* DummyClass.m */; };
/* End PBXBuildFile section */

/* Begin PBXFileReference section */
		D28861E716CF730200307652 /* VanTableView.app */ = {isa = PBXFileReference; explicitFileType = wrapper.application; includeInIndex = 0; path = VanTableView.app; sourceTree = BUILT_PRODUCTS_DIR; };
		D28861EB16CF730200307652 /* UIKit.framework */ = {isa = PBXFileReference; lastKnownFileType = wrapper.framework; name = UIKit.framework; path = System/Library/Frameworks/UIKit.framework; sourceTree = SDKROOT; };
		D28861ED16CF730200307652 /* Foundation.framework */ = {isa = PBXFileReference; lastKnownFileType = wrapper.framework; name = Foundation.framework; path = System/Library/Frameworks/Foundation.framework; sourceTree = SDKROOT; };
		D28861EF16CF730200307652 /* CoreGraphics.framework */ = {isa = PBXFileReference; lastKnownFileType = wrapper.framework; name = CoreGraphics.framework; path = System/Library/Frameworks/CoreGraphics.framework; sourceTree = SDKROOT; };
		D28861F316CF730200307652 /* VanTableView-Info.plist */ = {isa = PBXFileReference; lastKnownFileType = text.plist.xml; path = "VanTableView-Info.plist"; sourceTree = "<group>"; };
		D28861F516CF730200307652 /* en */ = {isa = PBXFileReference; lastKnownFileType = text.plist.strings; name = en; path = en.lproj/InfoPlist.strings; sourceTree = "<group>"; };
		D28861F716CF730200307652 /* main.m */ = {isa = PBXFileReference; lastKnownFileType = sourcecode.c.objc; path = main.m; sourceTree = "<group>"; };
		D28861F916CF730200307652 /* VanTableView-Prefix.pch */ = {isa = PBXFileReference; lastKnownFileType = sourcecode.c.h; path = "VanTableView-Prefix.pch"; sourceTree = "<group>"; };
		D28861FA16CF730200307652 /* AppDelegate.h */ = {isa = PBXFileReference; lastKnownFileType = sourcecode.c.h; path = AppDelegate.h; sourceTree = "<group>"; };
		D28861FB16CF730200307652 /* AppDelegate.m */ = {isa = PBXFileReference; lastKnownFileType = sourcecode.c.objc; path = AppDelegate.m; sourceTree = "<group>"; };
		D28861FD16CF730200307652 /* Default.png */ = {isa = PBXFileReference; lastKnownFileType = image.png; path = Default.png; sourceTree = "<group>"; };
		D28861FF16CF730200307652 /* Default@2x.png */ = {isa = PBXFileReference; lastKnownFileType = image.png; path = "Default@2x.png"; sourceTree = "<group>"; };
		D288620116CF730200307652 /* Default-568h@2x.png */ = {isa = PBXFileReference; lastKnownFileType = image.png; path = "Default-568h@2x.png"; sourceTree = "<group>"; };
		D288620316CF730200307652 /* ViewController.h */ = {isa = PBXFileReference; lastKnownFileType = sourcecode.c.h; path = ViewController.h; sourceTree = "<group>"; };
		D288620416CF730200307652 /* ViewController.m */ = {isa = PBXFileReference; lastKnownFileType = sourcecode.c.objc; path = ViewController.m; sourceTree = "<group>"; };
		D288620716CF730200307652 /* en */ = {isa = PBXFileReference; lastKnownFileType = file.xib; name = en; path = en.lproj/ViewController.xib; sourceTree = "<group>"; };
		D288620F16CF735600307652 /* VanTableController.h */ = {isa = PBXFileReference; fileEncoding = 4; lastKnownFileType = sourcecode.c.h; path = VanTableController.h; sourceTree = "<group>"; };
		D288621016CF735600307652 /* VanTableController.m */ = {isa = PBXFileReference; fileEncoding = 4; lastKnownFileType = sourcecode.c.objc; path = VanTableController.m; sourceTree = "<group>"; };
		D288621216CF772E00307652 /* VanArrayComparer.h */ = {isa = PBXFileReference; fileEncoding = 4; lastKnownFileType = sourcecode.c.h; path = VanArrayComparer.h; sourceTree = "<group>"; };
		D288621316CF772E00307652 /* VanArrayComparer.m */ = {isa = PBXFileReference; fileEncoding = 4; lastKnownFileType = sourcecode.c.objc; path = VanArrayComparer.m; sourceTree = "<group>"; };
		D288621D16CF792600307652 /* VLog.h */ = {isa = PBXFileReference; lastKnownFileType = sourcecode.c.h; path = VLog.h; sourceTree = "<group>"; };
		D288621E16CF7A1400307652 /* VanTableViewControllerUnitTest.h */ = {isa = PBXFileReference; fileEncoding = 4; lastKnownFileType = sourcecode.c.h; path = VanTableViewControllerUnitTest.h; sourceTree = "<group>"; };
		D288621F16CF7A1400307652 /* VanTableViewControllerUnitTest.m */ = {isa = PBXFileReference; fileEncoding = 4; lastKnownFileType = sourcecode.c.objc; path = VanTableViewControllerUnitTest.m; sourceTree = "<group>"; };
		D288622116CF7DAA00307652 /* DummyClass.h */ = {isa = PBXFileReference; fileEncoding = 4; lastKnownFileType = sourcecode.c.h; path = DummyClass.h; sourceTree = "<group>"; };
		D288622216CF7DAA00307652 /* DummyClass.m */ = {isa = PBXFileReference; fileEncoding = 4; lastKnownFileType = sourcecode.c.objc; path = DummyClass.m; sourceTree = "<group>"; };
/* End PBXFileReference section */

/* Begin PBXFrameworksBuildPhase section */
		D28861E416CF730200307652 /* Frameworks */ = {
			isa = PBXFrameworksBuildPhase;
			buildActionMask = 2147483647;
			files = (
				D28861EC16CF730200307652 /* UIKit.framework in Frameworks */,
				D28861EE16CF730200307652 /* Foundation.framework in Frameworks */,
				D28861F016CF730200307652 /* CoreGraphics.framework in Frameworks */,
			);
			runOnlyForDeploymentPostprocessing = 0;
		};
/* End PBXFrameworksBuildPhase section */

/* Begin PBXGroup section */
		D28861DC16CF730200307652 = {
			isa = PBXGroup;
			children = (
				D28861F116CF730200307652 /* VanTableView */,
				D28861EA16CF730200307652 /* Frameworks */,
				D28861E816CF730200307652 /* Products */,
			);
			sourceTree = "<group>";
		};
		D28861E816CF730200307652 /* Products */ = {
			isa = PBXGroup;
			children = (
				D28861E716CF730200307652 /* VanTableView.app */,
			);
			name = Products;
			sourceTree = "<group>";
		};
		D28861EA16CF730200307652 /* Frameworks */ = {
			isa = PBXGroup;
			children = (
				D28861EB16CF730200307652 /* UIKit.framework */,
				D28861ED16CF730200307652 /* Foundation.framework */,
				D28861EF16CF730200307652 /* CoreGraphics.framework */,
			);
			name = Frameworks;
			sourceTree = "<group>";
		};
		D28861F116CF730200307652 /* VanTableView */ = {
			isa = PBXGroup;
			children = (
				D288620E16CF731900307652 /* VanTableView */,
				D28861FA16CF730200307652 /* AppDelegate.h */,
				D28861FB16CF730200307652 /* AppDelegate.m */,
				D288620316CF730200307652 /* ViewController.h */,
				D288620416CF730200307652 /* ViewController.m */,
				D288620616CF730200307652 /* ViewController.xib */,
				D28861F216CF730200307652 /* Supporting Files */,
			);
			path = VanTableView;
			sourceTree = "<group>";
		};
		D28861F216CF730200307652 /* Supporting Files */ = {
			isa = PBXGroup;
			children = (
				D28861F316CF730200307652 /* VanTableView-Info.plist */,
				D28861F416CF730200307652 /* InfoPlist.strings */,
				D28861F716CF730200307652 /* main.m */,
				D28861F916CF730200307652 /* VanTableView-Prefix.pch */,
				D28861FD16CF730200307652 /* Default.png */,
				D28861FF16CF730200307652 /* Default@2x.png */,
				D288620116CF730200307652 /* Default-568h@2x.png */,
			);
			name = "Supporting Files";
			sourceTree = "<group>";
		};
		D288620E16CF731900307652 /* VanTableView */ = {
			isa = PBXGroup;
			children = (
				D288620F16CF735600307652 /* VanTableController.h */,
				D288621016CF735600307652 /* VanTableController.m */,
				D288621216CF772E00307652 /* VanArrayComparer.h */,
				D288621316CF772E00307652 /* VanArrayComparer.m */,
				D288621D16CF792600307652 /* VLog.h */,
				D288621E16CF7A1400307652 /* VanTableViewControllerUnitTest.h */,
				D288621F16CF7A1400307652 /* VanTableViewControllerUnitTest.m */,
				D288622116CF7DAA00307652 /* DummyClass.h */,
				D288622216CF7DAA00307652 /* DummyClass.m */,
			);
			path = VanTableView;
			sourceTree = "<group>";
		};
/* End PBXGroup section */

/* Begin PBXNativeTarget section */
		D28861E616CF730200307652 /* VanTableView */ = {
			isa = PBXNativeTarget;
			buildConfigurationList = D288620B16CF730200307652 /* Build configuration list for PBXNativeTarget "VanTableView" */;
			buildPhases = (
				D28861E316CF730200307652 /* Sources */,
				D28861E416CF730200307652 /* Frameworks */,
				D28861E516CF730200307652 /* Resources */,
			);
			buildRules = (
			);
			dependencies = (
			);
			name = VanTableView;
			productName = VanTableView;
			productReference = D28861E716CF730200307652 /* VanTableView.app */;
			productType = "com.apple.product-type.application";
		};
/* End PBXNativeTarget section */

/* Begin PBXProject section */
		D28861DE16CF730200307652 /* Project object */ = {
			isa = PBXProject;
			attributes = {
				LastUpgradeCheck = 0450;
				ORGANIZATIONNAME = Vanson;
			};
			buildConfigurationList = D28861E116CF730200307652 /* Build configuration list for PBXProject "VanTableView" */;
			compatibilityVersion = "Xcode 3.2";
			developmentRegion = English;
			hasScannedForEncodings = 0;
			knownRegions = (
				en,
			);
			mainGroup = D28861DC16CF730200307652;
			productRefGroup = D28861E816CF730200307652 /* Products */;
			projectDirPath = "";
			projectRoot = "";
			targets = (
				D28861E616CF730200307652 /* VanTableView */,
			);
		};
/* End PBXProject section */

/* Begin PBXResourcesBuildPhase section */
		D28861E516CF730200307652 /* Resources */ = {
			isa = PBXResourcesBuildPhase;
			buildActionMask = 2147483647;
			files = (
				D28861F616CF730200307652 /* InfoPlist.strings in Resources */,
				D28861FE16CF730200307652 /* Default.png in Resources */,
				D288620016CF730200307652 /* Default@2x.png in Resources */,
				D288620216CF730200307652 /* Default-568h@2x.png in Resources */,
				D288620816CF730200307652 /* ViewController.xib in Resources */,
			);
			runOnlyForDeploymentPostprocessing = 0;
		};
/* End PBXResourcesBuildPhase section */

/* Begin PBXSourcesBuildPhase section */
		D28861E316CF730200307652 /* Sources */ = {
			isa = PBXSourcesBuildPhase;
			buildActionMask = 2147483647;
			files = (
				D28861F816CF730200307652 /* main.m in Sources */,
				D28861FC16CF730200307652 /* AppDelegate.m in Sources */,
				D288620516CF730200307652 /* ViewController.m in Sources */,
				D288621116CF735600307652 /* VanTableController.m in Sources */,
				D288621416CF772E00307652 /* VanArrayComparer.m in Sources */,
				D288622016CF7A1400307652 /* VanTableViewControllerUnitTest.m in Sources */,
				D288622316CF7DAA00307652 /* DummyClass.m in Sources */,
			);
			runOnlyForDeploymentPostprocessing = 0;
		};
/* End PBXSourcesBuildPhase section */

/* Begin PBXVariantGroup section */
		D28861F416CF730200307652 /* InfoPlist.strings */ = {
			isa = PBXVariantGroup;
			children = (
				D28861F516CF730200307652 /* en */,
			);
			name = InfoPlist.strings;
			sourceTree = "<group>";
		};
		D288620616CF730200307652 /* ViewController.xib */ = {
			isa = PBXVariantGroup;
			children = (
				D288620716CF730200307652 /* en */,
			);
			name = ViewController.xib;
			sourceTree = "<group>";
		};
/* End PBXVariantGroup section */

/* Begin XCBuildConfiguration section */
		D288620916CF730200307652 /* Debug */ = {
			isa = XCBuildConfiguration;
			buildSettings = {
				ALWAYS_SEARCH_USER_PATHS = NO;
				CLANG_CXX_LANGUAGE_STANDARD = "gnu++0x";
				CLANG_CXX_LIBRARY = "libc++";
				CLANG_WARN_EMPTY_BODY = YES;
				CLANG_WARN__DUPLICATE_METHOD_MATCH = YES;
				"CODE_SIGN_IDENTITY[sdk=iphoneos*]" = "iPhone Developer";
				COPY_PHASE_STRIP = NO;
				GCC_C_LANGUAGE_STANDARD = gnu99;
				GCC_DYNAMIC_NO_PIC = NO;
				GCC_OPTIMIZATION_LEVEL = 0;
				GCC_PREPROCESSOR_DEFINITIONS = (
					"DEBUG=1",
					"$(inherited)",
				);
				GCC_SYMBOLS_PRIVATE_EXTERN = NO;
				GCC_WARN_ABOUT_RETURN_TYPE = YES;
				GCC_WARN_UNINITIALIZED_AUTOS = YES;
				GCC_WARN_UNUSED_VARIABLE = YES;
				IPHONEOS_DEPLOYMENT_TARGET = 6.0;
				ONLY_ACTIVE_ARCH = YES;
				SDKROOT = iphoneos;
			};
			name = Debug;
		};
		D288620A16CF730200307652 /* Release */ = {
			isa = XCBuildConfiguration;
			buildSettings = {
				ALWAYS_SEARCH_USER_PATHS = NO;
				CLANG_CXX_LANGUAGE_STANDARD = "gnu++0x";
				CLANG_CXX_LIBRARY = "libc++";
				CLANG_WARN_EMPTY_BODY = YES;
				CLANG_WARN__DUPLICATE_METHOD_MATCH = YES;
				"CODE_SIGN_IDENTITY[sdk=iphoneos*]" = "iPhone Developer";
				COPY_PHASE_STRIP = YES;
				GCC_C_LANGUAGE_STANDARD = gnu99;
				GCC_WARN_ABOUT_RETURN_TYPE = YES;
				GCC_WARN_UNINITIALIZED_AUTOS = YES;
				GCC_WARN_UNUSED_VARIABLE = YES;
				IPHONEOS_DEPLOYMENT_TARGET = 6.0;
				OTHER_CFLAGS = "-DNS_BLOCK_ASSERTIONS=1";
				SDKROOT = iphoneos;
				VALIDATE_PRODUCT = YES;
			};
			name = Release;
		};
		D288620C16CF730200307652 /* Debug */ = {
			isa = XCBuildConfiguration;
			buildSettings = {
				GCC_PRECOMPILE_PREFIX_HEADER = YES;
				GCC_PREFIX_HEADER = "VanTableView/VanTableView-Prefix.pch";
				INFOPLIST_FILE = "VanTableView/VanTableView-Info.plist";
				PRODUCT_NAME = "$(TARGET_NAME)";
				WRAPPER_EXTENSION = app;
			};
			name = Debug;
		};
		D288620D16CF730200307652 /* Release */ = {
			isa = XCBuildConfiguration;
			buildSettings = {
				GCC_PRECOMPILE_PREFIX_HEADER = YES;
				GCC_PREFIX_HEADER = "VanTableView/VanTableView-Prefix.pch";
				INFOPLIST_FILE = "VanTableView/VanTableView-Info.plist";
				PRODUCT_NAME = "$(TARGET_NAME)";
				WRAPPER_EXTENSION = app;
			};
			name = Release;
		};
/* End XCBuildConfiguration section */

/* Begin XCConfigurationList section */
		D28861E116CF730200307652 /* Build configuration list for PBXProject "VanTableView" */ = {
			isa = XCConfigurationList;
			buildConfigurations = (
				D288620916CF730200307652 /* Debug */,
				D288620A16CF730200307652 /* Release */,
			);
			defaultConfigurationIsVisible = 0;
			defaultConfigurationName = Release;
		};
		D288620B16CF730200307652 /* Build configuration list for PBXNativeTarget "VanTableView" */ = {
			isa = XCConfigurationList;
			buildConfigurations = (
				D288620C16CF730200307652 /* Debug */,
				D288620D16CF730200307652 /* Release */,
			);
			defaultConfigurationIsVisible = 0;
		};
/* End XCConfigurationList section */
	};
	rootObject = D28861DE16CF730200307652 /* Project object */;
}
